{
  "name": "web",
  "requires": true,
  "lockfileVersion": 1,
  "dependencies": {
    "@happapi/jsonrpc-api": {
      "version": "0.0.0",
      "requires": {
        "@happapi/jsonrpc-core": "^0.0.0",
        "@types/koa-router": "^7.4.1",
        "ajv": "^6.12.3",
        "glob": "^7.1.6",
        "koa": "^2.13.0",
        "koa-body": "^4.2.0",
        "koa-router": "^9.1.0"
      }
    },
    "dotenv": {
      "version": "8.2.0",
      "resolved": "https://registry.npm.taobao.org/dotenv/download/dotenv-8.2.0.tgz?cache=0&sync_timestamp=1571190685588&other_urls=https%3A%2F%2Fregistry.npm.taobao.org%2Fdotenv%2Fdownload%2Fdotenv-8.2.0.tgz",
      "integrity": "sha1-l+YZJZradQ7qPk6j4mvO6lQksWo="
    }
  }
}
